
Microsoft Visual Studio Solution File, Format Version 12.00
# Visual Studio Version 16
VisualStudioVersion = 16.0.31402.337
MinimumVisualStudioVersion = 10.0.40219.1
Project("{D954291E-2A0B-460D-934E-DC6B0785DB48}") = "POSUNO.Shared", "POSUNO\POSUNO.Shared\POSUNO.Shared.shproj", "{6279C845-92F8-4333-AB99-3D213163593C}"
EndProject
Project("{2150E333-8FDC-42A3-9474-1A3956D46DE8}") = "Platforms", "Platforms", "{263FA044-6480-4D3B-8D1B-43099FD41BAD}"
EndProject
Project("{FAE04EC0-301F-11D3-BF4B-00C04F79EFBC}") = "POSUNO.Droid", "POSUNO\POSUNO.Droid\POSUNO.Droid.csproj", "{52238EC7-9DA8-43CE-8A77-F05409C5ADB4}"
EndProject
Project("{FAE04EC0-301F-11D3-BF4B-00C04F79EFBC}") = "POSUNO.iOS", "POSUNO\POSUNO.iOS\POSUNO.iOS.csproj", "{EF64AA40-0811-4B55-A35C-231AF4089397}"
EndProject
Project("{FAE04EC0-301F-11D3-BF4B-00C04F79EFBC}") = "POSUNO.UWP", "POSUNO\POSUNO.UWP\POSUNO.UWP.csproj", "{E3CC1C88-A814-4B10-B380-E1C7F797F67B}"
EndProject
Project("{FAE04EC0-301F-11D3-BF4B-00C04F79EFBC}") = "POSUNO.Wasm", "POSUNO\POSUNO.Wasm\POSUNO.Wasm.csproj", "{196F2AA2-D506-4DE0-83AB-63A7C5FD15A5}"
EndProject
Project("{FAE04EC0-301F-11D3-BF4B-00C04F79EFBC}") = "POSUNO.macOS", "POSUNO\POSUNO.macOS\POSUNO.macOS.csproj", "{AC6F16DB-ABB5-4B91-B409-81A8FC9FBB72}"
EndProject
Project("{FAE04EC0-301F-11D3-BF4B-00C04F79EFBC}") = "POSUNO.Skia.Wpf.Host", "POSUNO\POSUNO.Skia.Wpf.Host\POSUNO.Skia.Wpf.Host.csproj", "{B2FB0CE8-CE16-4077-8DE7-4D0F54355548}"
EndProject
Project("{FAE04EC0-301F-11D3-BF4B-00C04F79EFBC}") = "POSUNO.Skia.Wpf", "POSUNO\POSUNO.Skia.Wpf\POSUNO.Skia.Wpf.csproj", "{E22C92C0-4A13-4510-82CC-B56D54F1C2E1}"
EndProject
Project("{FAE04EC0-301F-11D3-BF4B-00C04F79EFBC}") = "POSUNO.Skia.Gtk", "POSUNO\POSUNO.Skia.Gtk\POSUNO.Skia.Gtk.csproj", "{16A33A13-418F-4F01-AE70-437AE4C424A7}"
EndProject
Project("{FAE04EC0-301F-11D3-BF4B-00C04F79EFBC}") = "POSUNO.Skia.Tizen", "POSUNO\POSUNO.Skia.Tizen\POSUNO.Skia.Tizen.csproj", "{5FE525C9-8E8F-4983-B613-15D88F8A130E}"
EndProject
Project("{FAE04EC0-301F-11D3-BF4B-00C04F79EFBC}") = "POSUNO.api", "POSUNO.api\POSUNO.api.csproj", "{B91B7090-74CF-4A2E-AE38-D781B14C9C08}"
EndProject
Global
	GlobalSection(SharedMSBuildProjectFiles) = preSolution
		POSUNO\POSUNO.Shared\POSUNO.Shared.projitems*{16a33a13-418f-4f01-ae70-437ae4c424a7}*SharedItemsImports = 5
		POSUNO\POSUNO.Shared\POSUNO.Shared.projitems*{196f2aa2-d506-4de0-83ab-63a7c5fd15a5}*SharedItemsImports = 5
		POSUNO\POSUNO.Shared\POSUNO.Shared.projitems*{52238ec7-9da8-43ce-8a77-f05409c5adb4}*SharedItemsImports = 4
		POSUNO\POSUNO.Shared\POSUNO.Shared.projitems*{5fe525c9-8e8f-4983-b613-15d88f8a130e}*SharedItemsImports = 5
		POSUNO\POSUNO.Shared\POSUNO.Shared.projitems*{6279c845-92f8-4333-ab99-3d213163593c}*SharedItemsImports = 13
		POSUNO\POSUNO.Shared\POSUNO.Shared.projitems*{ac6f16db-abb5-4b91-b409-81a8fc9fbb72}*SharedItemsImports = 4
		POSUNO\POSUNO.Shared\POSUNO.Shared.projitems*{e22c92c0-4a13-4510-82cc-b56d54f1c2e1}*SharedItemsImports = 5
		POSUNO\POSUNO.Shared\POSUNO.Shared.projitems*{e3cc1c88-a814-4b10-b380-e1c7f797f67b}*SharedItemsImports = 4
		POSUNO\POSUNO.Shared\POSUNO.Shared.projitems*{ef64aa40-0811-4b55-a35c-231af4089397}*SharedItemsImports = 4
	EndGlobalSection
	GlobalSection(SolutionConfigurationPlatforms) = preSolution
		Ad-Hoc|Any CPU = Ad-Hoc|Any CPU
		Ad-Hoc|ARM = Ad-Hoc|ARM
		Ad-Hoc|ARM64 = Ad-Hoc|ARM64
		Ad-Hoc|iPhone = Ad-Hoc|iPhone
		Ad-Hoc|iPhoneSimulator = Ad-Hoc|iPhoneSimulator
		Ad-Hoc|x64 = Ad-Hoc|x64
		Ad-Hoc|x86 = Ad-Hoc|x86
		AppStore|Any CPU = AppStore|Any CPU
		AppStore|ARM = AppStore|ARM
		AppStore|ARM64 = AppStore|ARM64
		AppStore|iPhone = AppStore|iPhone
		AppStore|iPhoneSimulator = AppStore|iPhoneSimulator
		AppStore|x64 = AppStore|x64
		AppStore|x86 = AppStore|x86
		Debug|Any CPU = Debug|Any CPU
		Debug|ARM = Debug|ARM
		Debug|ARM64 = Debug|ARM64
		Debug|iPhone = Debug|iPhone
		Debug|iPhoneSimulator = Debug|iPhoneSimulator
		Debug|x64 = Debug|x64
		Debug|x86 = Debug|x86
		Release|Any CPU = Release|Any CPU
		Release|ARM = Release|ARM
		Release|ARM64 = Release|ARM64
		Release|iPhone = Release|iPhone
		Release|iPhoneSimulator = Release|iPhoneSimulator
		Release|x64 = Release|x64
		Release|x86 = Release|x86
	EndGlobalSection
	GlobalSection(ProjectConfigurationPlatforms) = postSolution
		{52238EC7-9DA8-43CE-8A77-F05409C5ADB4}.Ad-Hoc|Any CPU.ActiveCfg = Debug|Any CPU
		{52238EC7-9DA8-43CE-8A77-F05409C5ADB4}.Ad-Hoc|Any CPU.Build.0 = Debug|Any CPU
		{52238EC7-9DA8-43CE-8A77-F05409C5ADB4}.Ad-Hoc|Any CPU.Deploy.0 = Debug|Any CPU
		{52238EC7-9DA8-43CE-8A77-F05409C5ADB4}.Ad-Hoc|ARM.ActiveCfg = Debug|Any CPU
		{52238EC7-9DA8-43CE-8A77-F05409C5ADB4}.Ad-Hoc|ARM.Build.0 = Debug|Any CPU
		{52238EC7-9DA8-43CE-8A77-F05409C5ADB4}.Ad-Hoc|ARM.Deploy.0 = Debug|Any CPU
		{52238EC7-9DA8-43CE-8A77-F05409C5ADB4}.Ad-Hoc|ARM64.ActiveCfg = Debug|Any CPU
		{52238EC7-9DA8-43CE-8A77-F05409C5ADB4}.Ad-Hoc|ARM64.Build.0 = Debug|Any CPU
		{52238EC7-9DA8-43CE-8A77-F05409C5ADB4}.Ad-Hoc|ARM64.Deploy.0 = Debug|Any CPU
		{52238EC7-9DA8-43CE-8A77-F05409C5ADB4}.Ad-Hoc|iPhone.ActiveCfg = Debug|Any CPU
		{52238EC7-9DA8-43CE-8A77-F05409C5ADB4}.Ad-Hoc|iPhone.Build.0 = Debug|Any CPU
		{52238EC7-9DA8-43CE-8A77-F05409C5ADB4}.Ad-Hoc|iPhone.Deploy.0 = Debug|Any CPU
		{52238EC7-9DA8-43CE-8A77-F05409C5ADB4}.Ad-Hoc|iPhoneSimulator.ActiveCfg = Debug|Any CPU
		{52238EC7-9DA8-43CE-8A77-F05409C5ADB4}.Ad-Hoc|iPhoneSimulator.Build.0 = Debug|Any CPU
		{52238EC7-9DA8-43CE-8A77-F05409C5ADB4}.Ad-Hoc|iPhoneSimulator.Deploy.0 = Debug|Any CPU
		{52238EC7-9DA8-43CE-8A77-F05409C5ADB4}.Ad-Hoc|x64.ActiveCfg = Debug|Any CPU
		{52238EC7-9DA8-43CE-8A77-F05409C5ADB4}.Ad-Hoc|x64.Build.0 = Debug|Any CPU
		{52238EC7-9DA8-43CE-8A77-F05409C5ADB4}.Ad-Hoc|x64.Deploy.0 = Debug|Any CPU
		{52238EC7-9DA8-43CE-8A77-F05409C5ADB4}.Ad-Hoc|x86.ActiveCfg = Debug|Any CPU
		{52238EC7-9DA8-43CE-8A77-F05409C5ADB4}.Ad-Hoc|x86.Build.0 = Debug|Any CPU
		{52238EC7-9DA8-43CE-8A77-F05409C5ADB4}.Ad-Hoc|x86.Deploy.0 = Debug|Any CPU
		{52238EC7-9DA8-43CE-8A77-F05409C5ADB4}.AppStore|Any CPU.ActiveCfg = Debug|Any CPU
		{52238EC7-9DA8-43CE-8A77-F05409C5ADB4}.AppStore|Any CPU.Build.0 = Debug|Any CPU
		{52238EC7-9DA8-43CE-8A77-F05409C5ADB4}.AppStore|Any CPU.Deploy.0 = Debug|Any CPU
		{52238EC7-9DA8-43CE-8A77-F05409C5ADB4}.AppStore|ARM.ActiveCfg = Debug|Any CPU
		{52238EC7-9DA8-43CE-8A77-F05409C5ADB4}.AppStore|ARM.Build.0 = Debug|Any CPU
		{52238EC7-9DA8-43CE-8A77-F05409C5ADB4}.AppStore|ARM.Deploy.0 = Debug|Any CPU
		{52238EC7-9DA8-43CE-8A77-F05409C5ADB4}.AppStore|ARM64.ActiveCfg = Debug|Any CPU
		{52238EC7-9DA8-43CE-8A77-F05409C5ADB4}.AppStore|ARM64.Build.0 = Debug|Any CPU
		{52238EC7-9DA8-43CE-8A77-F05409C5ADB4}.AppStore|ARM64.Deploy.0 = Debug|Any CPU
		{52238EC7-9DA8-43CE-8A77-F05409C5ADB4}.AppStore|iPhone.ActiveCfg = Debug|Any CPU
		{52238EC7-9DA8-43CE-8A77-F05409C5ADB4}.AppStore|iPhone.Build.0 = Debug|Any CPU
		{52238EC7-9DA8-43CE-8A77-F05409C5ADB4}.AppStore|iPhone.Deploy.0 = Debug|Any CPU
		{52238EC7-9DA8-43CE-8A77-F05409C5ADB4}.AppStore|iPhoneSimulator.ActiveCfg = Debug|Any CPU
		{52238EC7-9DA8-43CE-8A77-F05409C5ADB4}.AppStore|iPhoneSimulator.Build.0 = Debug|Any CPU
		{52238EC7-9DA8-43CE-8A77-F05409C5ADB4}.AppStore|iPhoneSimulator.Deploy.0 = Debug|Any CPU
		{52238EC7-9DA8-43CE-8A77-F05409C5ADB4}.AppStore|x64.ActiveCfg = Debug|Any CPU
		{52238EC7-9DA8-43CE-8A77-F05409C5ADB4}.AppStore|x64.Build.0 = Debug|Any CPU
		{52238EC7-9DA8-43CE-8A77-F05409C5ADB4}.AppStore|x64.Deploy.0 = Debug|Any CPU
		{52238EC7-9DA8-43CE-8A77-F05409C5ADB4}.AppStore|x86.ActiveCfg = Debug|Any CPU
		{52238EC7-9DA8-43CE-8A77-F05409C5ADB4}.AppStore|x86.Build.0 = Debug|Any CPU
		{52238EC7-9DA8-43CE-8A77-F05409C5ADB4}.AppStore|x86.Deploy.0 = Debug|Any CPU
		{52238EC7-9DA8-43CE-8A77-F05409C5ADB4}.Debug|Any CPU.ActiveCfg = Debug|Any CPU
		{52238EC7-9DA8-43CE-8A77-F05409C5ADB4}.Debug|Any CPU.Build.0 = Debug|Any CPU
		{52238EC7-9DA8-43CE-8A77-F05409C5ADB4}.Debug|Any CPU.Deploy.0 = Debug|Any CPU
		{52238EC7-9DA8-43CE-8A77-F05409C5ADB4}.Debug|ARM.ActiveCfg = Debug|Any CPU
		{52238EC7-9DA8-43CE-8A77-F05409C5ADB4}.Debug|ARM.Build.0 = Debug|Any CPU
		{52238EC7-9DA8-43CE-8A77-F05409C5ADB4}.Debug|ARM.Deploy.0 = Debug|Any CPU
		{52238EC7-9DA8-43CE-8A77-F05409C5ADB4}.Debug|ARM64.ActiveCfg = Debug|Any CPU
		{52238EC7-9DA8-43CE-8A77-F05409C5ADB4}.Debug|ARM64.Build.0 = Debug|Any CPU
		{52238EC7-9DA8-43CE-8A77-F05409C5ADB4}.Debug|ARM64.Deploy.0 = Debug|Any CPU
		{52238EC7-9DA8-43CE-8A77-F05409C5ADB4}.Debug|iPhone.ActiveCfg = Debug|Any CPU
		{52238EC7-9DA8-43CE-8A77-F05409C5ADB4}.Debug|iPhone.Build.0 = Debug|Any CPU
		{52238EC7-9DA8-43CE-8A77-F05409C5ADB4}.Debug|iPhone.Deploy.0 = Debug|Any CPU
		{52238EC7-9DA8-43CE-8A77-F05409C5ADB4}.Debug|iPhoneSimulator.ActiveCfg = Debug|Any CPU
		{52238EC7-9DA8-43CE-8A77-F05409C5ADB4}.Debug|iPhoneSimulator.Build.0 = Debug|Any CPU
		{52238EC7-9DA8-43CE-8A77-F05409C5ADB4}.Debug|iPhoneSimulator.Deploy.0 = Debug|Any CPU
		{52238EC7-9DA8-43CE-8A77-F05409C5ADB4}.Debug|x64.ActiveCfg = Debug|Any CPU
		{52238EC7-9DA8-43CE-8A77-F05409C5ADB4}.Debug|x64.Build.0 = Debug|Any CPU
		{52238EC7-9DA8-43CE-8A77-F05409C5ADB4}.Debug|x64.Deploy.0 = Debug|Any CPU
		{52238EC7-9DA8-43CE-8A77-F05409C5ADB4}.Debug|x86.ActiveCfg = Debug|Any CPU
		{52238EC7-9DA8-43CE-8A77-F05409C5ADB4}.Debug|x86.Build.0 = Debug|Any CPU
		{52238EC7-9DA8-43CE-8A77-F05409C5ADB4}.Debug|x86.Deploy.0 = Debug|Any CPU
		{52238EC7-9DA8-43CE-8A77-F05409C5ADB4}.Release|Any CPU.ActiveCfg = Release|Any CPU
		{52238EC7-9DA8-43CE-8A77-F05409C5ADB4}.Release|Any CPU.Build.0 = Release|Any CPU
		{52238EC7-9DA8-43CE-8A77-F05409C5ADB4}.Release|Any CPU.Deploy.0 = Release|Any CPU
		{52238EC7-9DA8-43CE-8A77-F05409C5ADB4}.Release|ARM.ActiveCfg = Release|Any CPU
		{52238EC7-9DA8-43CE-8A77-F05409C5ADB4}.Release|ARM.Build.0 = Release|Any CPU
		{52238EC7-9DA8-43CE-8A77-F05409C5ADB4}.Release|ARM.Deploy.0 = Release|Any CPU
		{52238EC7-9DA8-43CE-8A77-F05409C5ADB4}.Release|ARM64.ActiveCfg = Release|Any CPU
		{52238EC7-9DA8-43CE-8A77-F05409C5ADB4}.Release|ARM64.Build.0 = Release|Any CPU
		{52238EC7-9DA8-43CE-8A77-F05409C5ADB4}.Release|ARM64.Deploy.0 = Release|Any CPU
		{52238EC7-9DA8-43CE-8A77-F05409C5ADB4}.Release|iPhone.ActiveCfg = Release|Any CPU
		{52238EC7-9DA8-43CE-8A77-F05409C5ADB4}.Release|iPhone.Build.0 = Release|Any CPU
		{52238EC7-9DA8-43CE-8A77-F05409C5ADB4}.Release|iPhone.Deploy.0 = Release|Any CPU
		{52238EC7-9DA8-43CE-8A77-F05409C5ADB4}.Release|iPhoneSimulator.ActiveCfg = Release|Any CPU
		{52238EC7-9DA8-43CE-8A77-F05409C5ADB4}.Release|iPhoneSimulator.Build.0 = Release|Any CPU
		{52238EC7-9DA8-43CE-8A77-F05409C5ADB4}.Release|iPhoneSimulator.Deploy.0 = Release|Any CPU
		{52238EC7-9DA8-43CE-8A77-F05409C5ADB4}.Release|x64.ActiveCfg = Release|Any CPU
		{52238EC7-9DA8-43CE-8A77-F05409C5ADB4}.Release|x64.Build.0 = Release|Any CPU
		{52238EC7-9DA8-43CE-8A77-F05409C5ADB4}.Release|x64.Deploy.0 = Release|Any CPU
		{52238EC7-9DA8-43CE-8A77-F05409C5ADB4}.Release|x86.ActiveCfg = Release|Any CPU
		{52238EC7-9DA8-43CE-8A77-F05409C5ADB4}.Release|x86.Build.0 = Release|Any CPU
		{52238EC7-9DA8-43CE-8A77-F05409C5ADB4}.Release|x86.Deploy.0 = Release|Any CPU
		{EF64AA40-0811-4B55-A35C-231AF4089397}.Ad-Hoc|Any CPU.ActiveCfg = Ad-Hoc|iPhoneSimulator
		{EF64AA40-0811-4B55-A35C-231AF4089397}.Ad-Hoc|ARM.ActiveCfg = Ad-Hoc|iPhoneSimulator
		{EF64AA40-0811-4B55-A35C-231AF4089397}.Ad-Hoc|ARM64.ActiveCfg = Ad-Hoc|iPhoneSimulator
		{EF64AA40-0811-4B55-A35C-231AF4089397}.Ad-Hoc|iPhone.ActiveCfg = Ad-Hoc|iPhone
		{EF64AA40-0811-4B55-A35C-231AF4089397}.Ad-Hoc|iPhone.Build.0 = Ad-Hoc|iPhone
		{EF64AA40-0811-4B55-A35C-231AF4089397}.Ad-Hoc|iPhoneSimulator.ActiveCfg = Ad-Hoc|iPhoneSimulator
		{EF64AA40-0811-4B55-A35C-231AF4089397}.Ad-Hoc|iPhoneSimulator.Build.0 = Ad-Hoc|iPhoneSimulator
		{EF64AA40-0811-4B55-A35C-231AF4089397}.Ad-Hoc|x64.ActiveCfg = Ad-Hoc|iPhoneSimulator
		{EF64AA40-0811-4B55-A35C-231AF4089397}.Ad-Hoc|x86.ActiveCfg = Ad-Hoc|iPhoneSimulator
		{EF64AA40-0811-4B55-A35C-231AF4089397}.AppStore|Any CPU.ActiveCfg = AppStore|iPhoneSimulator
		{EF64AA40-0811-4B55-A35C-231AF4089397}.AppStore|ARM.ActiveCfg = AppStore|iPhoneSimulator
		{EF64AA40-0811-4B55-A35C-231AF4089397}.AppStore|ARM64.ActiveCfg = AppStore|iPhoneSimulator
		{EF64AA40-0811-4B55-A35C-231AF4089397}.AppStore|iPhone.ActiveCfg = AppStore|iPhone
		{EF64AA40-0811-4B55-A35C-231AF4089397}.AppStore|iPhone.Build.0 = AppStore|iPhone
		{EF64AA40-0811-4B55-A35C-231AF4089397}.AppStore|iPhoneSimulator.ActiveCfg = AppStore|iPhoneSimulator
		{EF64AA40-0811-4B55-A35C-231AF4089397}.AppStore|iPhoneSimulator.Build.0 = AppStore|iPhoneSimulator
		{EF64AA40-0811-4B55-A35C-231AF4089397}.AppStore|x64.ActiveCfg = AppStore|iPhoneSimulator
		{EF64AA40-0811-4B55-A35C-231AF4089397}.AppStore|x86.ActiveCfg = AppStore|iPhoneSimulator
		{EF64AA40-0811-4B55-A35C-231AF4089397}.Debug|Any CPU.ActiveCfg = Debug|iPhoneSimulator
		{EF64AA40-0811-4B55-A35C-231AF4089397}.Debug|ARM.ActiveCfg = Debug|iPhoneSimulator
		{EF64AA40-0811-4B55-A35C-231AF4089397}.Debug|ARM64.ActiveCfg = Debug|iPhoneSimulator
		{EF64AA40-0811-4B55-A35C-231AF4089397}.Debug|iPhone.ActiveCfg = Debug|iPhone
		{EF64AA40-0811-4B55-A35C-231AF4089397}.Debug|iPhone.Build.0 = Debug|iPhone
		{EF64AA40-0811-4B55-A35C-231AF4089397}.Debug|iPhoneSimulator.ActiveCfg = Debug|iPhoneSimulator
		{EF64AA40-0811-4B55-A35C-231AF4089397}.Debug|iPhoneSimulator.Build.0 = Debug|iPhoneSimulator
		{EF64AA40-0811-4B55-A35C-231AF4089397}.Debug|x64.ActiveCfg = Debug|iPhoneSimulator
		{EF64AA40-0811-4B55-A35C-231AF4089397}.Debug|x86.ActiveCfg = Debug|iPhoneSimulator
		{EF64AA40-0811-4B55-A35C-231AF4089397}.Release|Any CPU.ActiveCfg = Release|iPhoneSimulator
		{EF64AA40-0811-4B55-A35C-231AF4089397}.Release|ARM.ActiveCfg = Release|iPhoneSimulator
		{EF64AA40-0811-4B55-A35C-231AF4089397}.Release|ARM64.ActiveCfg = Release|iPhoneSimulator
		{EF64AA40-0811-4B55-A35C-231AF4089397}.Release|iPhone.ActiveCfg = Release|iPhone
		{EF64AA40-0811-4B55-A35C-231AF4089397}.Release|iPhone.Build.0 = Release|iPhone
		{EF64AA40-0811-4B55-A35C-231AF4089397}.Release|iPhoneSimulator.ActiveCfg = Release|iPhoneSimulator
		{EF64AA40-0811-4B55-A35C-231AF4089397}.Release|iPhoneSimulator.Build.0 = Release|iPhoneSimulator
		{EF64AA40-0811-4B55-A35C-231AF4089397}.Release|x64.ActiveCfg = Release|iPhoneSimulator
		{EF64AA40-0811-4B55-A35C-231AF4089397}.Release|x86.ActiveCfg = Release|iPhoneSimulator
		{E3CC1C88-A814-4B10-B380-E1C7F797F67B}.Ad-Hoc|Any CPU.ActiveCfg = Debug|x86
		{E3CC1C88-A814-4B10-B380-E1C7F797F67B}.Ad-Hoc|Any CPU.Build.0 = Debug|x86
		{E3CC1C88-A814-4B10-B380-E1C7F797F67B}.Ad-Hoc|Any CPU.Deploy.0 = Debug|x86
		{E3CC1C88-A814-4B10-B380-E1C7F797F67B}.Ad-Hoc|ARM.ActiveCfg = Debug|ARM
		{E3CC1C88-A814-4B10-B380-E1C7F797F67B}.Ad-Hoc|ARM.Build.0 = Debug|ARM
		{E3CC1C88-A814-4B10-B380-E1C7F797F67B}.Ad-Hoc|ARM.Deploy.0 = Debug|ARM
		{E3CC1C88-A814-4B10-B380-E1C7F797F67B}.Ad-Hoc|ARM64.ActiveCfg = Debug|ARM64
		{E3CC1C88-A814-4B10-B380-E1C7F797F67B}.Ad-Hoc|ARM64.Build.0 = Debug|ARM64
		{E3CC1C88-A814-4B10-B380-E1C7F797F67B}.Ad-Hoc|ARM64.Deploy.0 = Debug|ARM64
		{E3CC1C88-A814-4B10-B380-E1C7F797F67B}.Ad-Hoc|iPhone.ActiveCfg = Debug|x86
		{E3CC1C88-A814-4B10-B380-E1C7F797F67B}.Ad-Hoc|iPhone.Build.0 = Debug|x86
		{E3CC1C88-A814-4B10-B380-E1C7F797F67B}.Ad-Hoc|iPhone.Deploy.0 = Debug|x86
		{E3CC1C88-A814-4B10-B380-E1C7F797F67B}.Ad-Hoc|iPhoneSimulator.ActiveCfg = Debug|x86
		{E3CC1C88-A814-4B10-B380-E1C7F797F67B}.Ad-Hoc|iPhoneSimulator.Build.0 = Debug|x86
		{E3CC1C88-A814-4B10-B380-E1C7F797F67B}.Ad-Hoc|iPhoneSimulator.Deploy.0 = Debug|x86
		{E3CC1C88-A814-4B10-B380-E1C7F797F67B}.Ad-Hoc|x64.ActiveCfg = Debug|x64
		{E3CC1C88-A814-4B10-B380-E1C7F797F67B}.Ad-Hoc|x64.Build.0 = Debug|x64
		{E3CC1C88-A814-4B10-B380-E1C7F797F67B}.Ad-Hoc|x64.Deploy.0 = Debug|x64
		{E3CC1C88-A814-4B10-B380-E1C7F797F67B}.Ad-Hoc|x86.ActiveCfg = Debug|x86
		{E3CC1C88-A814-4B10-B380-E1C7F797F67B}.Ad-Hoc|x86.Build.0 = Debug|x86
		{E3CC1C88-A814-4B10-B380-E1C7F797F67B}.Ad-Hoc|x86.Deploy.0 = Debug|x86
		{E3CC1C88-A814-4B10-B380-E1C7F797F67B}.AppStore|Any CPU.ActiveCfg = Debug|x86
		{E3CC1C88-A814-4B10-B380-E1C7F797F67B}.AppStore|Any CPU.Build.0 = Debug|x86
		{E3CC1C88-A814-4B10-B380-E1C7F797F67B}.AppStore|Any CPU.Deploy.0 = Debug|x86
		{E3CC1C88-A814-4B10-B380-E1C7F797F67B}.AppStore|ARM.ActiveCfg = Debug|ARM
		{E3CC1C88-A814-4B10-B380-E1C7F797F67B}.AppStore|ARM.Build.0 = Debug|ARM
		{E3CC1C88-A814-4B10-B380-E1C7F797F67B}.AppStore|ARM.Deploy.0 = Debug|ARM
		{E3CC1C88-A814-4B10-B380-E1C7F797F67B}.AppStore|ARM64.ActiveCfg = Debug|ARM64
		{E3CC1C88-A814-4B10-B380-E1C7F797F67B}.AppStore|ARM64.Build.0 = Debug|ARM64
		{E3CC1C88-A814-4B10-B380-E1C7F797F67B}.AppStore|ARM64.Deploy.0 = Debug|ARM64
		{E3CC1C88-A814-4B10-B380-E1C7F797F67B}.AppStore|iPhone.ActiveCfg = Debug|x86
		{E3CC1C88-A814-4B10-B380-E1C7F797F67B}.AppStore|iPhone.Build.0 = Debug|x86
		{E3CC1C88-A814-4B10-B380-E1C7F797F67B}.AppStore|iPhone.Deploy.0 = Debug|x86
		{E3CC1C88-A814-4B10-B380-E1C7F797F67B}.AppStore|iPhoneSimulator.ActiveCfg = Debug|x86
		{E3CC1C88-A814-4B10-B380-E1C7F797F67B}.AppStore|iPhoneSimulator.Build.0 = Debug|x86
		{E3CC1C88-A814-4B10-B380-E1C7F797F67B}.AppStore|iPhoneSimulator.Deploy.0 = Debug|x86
		{E3CC1C88-A814-4B10-B380-E1C7F797F67B}.AppStore|x64.ActiveCfg = Debug|x64
		{E3CC1C88-A814-4B10-B380-E1C7F797F67B}.AppStore|x64.Build.0 = Debug|x64
		{E3CC1C88-A814-4B10-B380-E1C7F797F67B}.AppStore|x64.Deploy.0 = Debug|x64
		{E3CC1C88-A814-4B10-B380-E1C7F797F67B}.AppStore|x86.ActiveCfg = Debug|x86
		{E3CC1C88-A814-4B10-B380-E1C7F797F67B}.AppStore|x86.Build.0 = Debug|x86
		{E3CC1C88-A814-4B10-B380-E1C7F797F67B}.AppStore|x86.Deploy.0 = Debug|x86
		{E3CC1C88-A814-4B10-B380-E1C7F797F67B}.Debug|Any CPU.ActiveCfg = Debug|x86
		{E3CC1C88-A814-4B10-B380-E1C7F797F67B}.Debug|Any CPU.Build.0 = Debug|x86
		{E3CC1C88-A814-4B10-B380-E1C7F797F67B}.Debug|Any CPU.Deploy.0 = Debug|x86
		{E3CC1C88-A814-4B10-B380-E1C7F797F67B}.Debug|ARM.ActiveCfg = Debug|ARM
		{E3CC1C88-A814-4B10-B380-E1C7F797F67B}.Debug|ARM.Build.0 = Debug|ARM
		{E3CC1C88-A814-4B10-B380-E1C7F797F67B}.Debug|ARM.Deploy.0 = Debug|ARM
		{E3CC1C88-A814-4B10-B380-E1C7F797F67B}.Debug|ARM64.ActiveCfg = Debug|ARM64
		{E3CC1C88-A814-4B10-B380-E1C7F797F67B}.Debug|ARM64.Build.0 = Debug|ARM64
		{E3CC1C88-A814-4B10-B380-E1C7F797F67B}.Debug|ARM64.Deploy.0 = Debug|ARM64
		{E3CC1C88-A814-4B10-B380-E1C7F797F67B}.Debug|iPhone.ActiveCfg = Debug|x86
		{E3CC1C88-A814-4B10-B380-E1C7F797F67B}.Debug|iPhoneSimulator.ActiveCfg = Debug|x86
		{E3CC1C88-A814-4B10-B380-E1C7F797F67B}.Debug|x64.ActiveCfg = Debug|x64
		{E3CC1C88-A814-4B10-B380-E1C7F797F67B}.Debug|x64.Build.0 = Debug|x64
		{E3CC1C88-A814-4B10-B380-E1C7F797F67B}.Debug|x64.Deploy.0 = Debug|x64
		{E3CC1C88-A814-4B10-B380-E1C7F797F67B}.Debug|x86.ActiveCfg = Debug|x86
		{E3CC1C88-A814-4B10-B380-E1C7F797F67B}.Debug|x86.Build.0 = Debug|x86
		{E3CC1C88-A814-4B10-B380-E1C7F797F67B}.Debug|x86.Deploy.0 = Debug|x86
		{E3CC1C88-A814-4B10-B380-E1C7F797F67B}.Release|Any CPU.ActiveCfg = Release|x86
		{E3CC1C88-A814-4B10-B380-E1C7F797F67B}.Release|ARM.ActiveCfg = Release|ARM
		{E3CC1C88-A814-4B10-B380-E1C7F797F67B}.Release|ARM.Build.0 = Release|ARM
		{E3CC1C88-A814-4B10-B380-E1C7F797F67B}.Release|ARM.Deploy.0 = Release|ARM
		{E3CC1C88-A814-4B10-B380-E1C7F797F67B}.Release|ARM64.ActiveCfg = Release|ARM64
		{E3CC1C88-A814-4B10-B380-E1C7F797F67B}.Release|ARM64.Build.0 = Release|ARM64
		{E3CC1C88-A814-4B10-B380-E1C7F797F67B}.Release|ARM64.Deploy.0 = Release|ARM64
		{E3CC1C88-A814-4B10-B380-E1C7F797F67B}.Release|iPhone.ActiveCfg = Release|x86
		{E3CC1C88-A814-4B10-B380-E1C7F797F67B}.Release|iPhoneSimulator.ActiveCfg = Release|x86
		{E3CC1C88-A814-4B10-B380-E1C7F797F67B}.Release|x64.ActiveCfg = Release|x64
		{E3CC1C88-A814-4B10-B380-E1C7F797F67B}.Release|x64.Build.0 = Release|x64
		{E3CC1C88-A814-4B10-B380-E1C7F797F67B}.Release|x64.Deploy.0 = Release|x64
		{E3CC1C88-A814-4B10-B380-E1C7F797F67B}.Release|x86.ActiveCfg = Release|x86
		{E3CC1C88-A814-4B10-B380-E1C7F797F67B}.Release|x86.Build.0 = Release|x86
		{E3CC1C88-A814-4B10-B380-E1C7F797F67B}.Release|x86.Deploy.0 = Release|x86
		{196F2AA2-D506-4DE0-83AB-63A7C5FD15A5}.Ad-Hoc|Any CPU.ActiveCfg = Debug|Any CPU
		{196F2AA2-D506-4DE0-83AB-63A7C5FD15A5}.Ad-Hoc|Any CPU.Build.0 = Debug|Any CPU
		{196F2AA2-D506-4DE0-83AB-63A7C5FD15A5}.Ad-Hoc|ARM.ActiveCfg = Debug|Any CPU
		{196F2AA2-D506-4DE0-83AB-63A7C5FD15A5}.Ad-Hoc|ARM.Build.0 = Debug|Any CPU
		{196F2AA2-D506-4DE0-83AB-63A7C5FD15A5}.Ad-Hoc|ARM64.ActiveCfg = Debug|Any CPU
		{196F2AA2-D506-4DE0-83AB-63A7C5FD15A5}.Ad-Hoc|ARM64.Build.0 = Debug|Any CPU
		{196F2AA2-D506-4DE0-83AB-63A7C5FD15A5}.Ad-Hoc|iPhone.ActiveCfg = Debug|Any CPU
		{196F2AA2-D506-4DE0-83AB-63A7C5FD15A5}.Ad-Hoc|iPhone.Build.0 = Debug|Any CPU
		{196F2AA2-D506-4DE0-83AB-63A7C5FD15A5}.Ad-Hoc|iPhoneSimulator.ActiveCfg = Debug|Any CPU
		{196F2AA2-D506-4DE0-83AB-63A7C5FD15A5}.Ad-Hoc|iPhoneSimulator.Build.0 = Debug|Any CPU
		{196F2AA2-D506-4DE0-83AB-63A7C5FD15A5}.Ad-Hoc|x64.ActiveCfg = Debug|Any CPU
		{196F2AA2-D506-4DE0-83AB-63A7C5FD15A5}.Ad-Hoc|x64.Build.0 = Debug|Any CPU
		{196F2AA2-D506-4DE0-83AB-63A7C5FD15A5}.Ad-Hoc|x86.ActiveCfg = Debug|Any CPU
		{196F2AA2-D506-4DE0-83AB-63A7C5FD15A5}.Ad-Hoc|x86.Build.0 = Debug|Any CPU
		{196F2AA2-D506-4DE0-83AB-63A7C5FD15A5}.AppStore|Any CPU.ActiveCfg = Debug|Any CPU
		{196F2AA2-D506-4DE0-83AB-63A7C5FD15A5}.AppStore|Any CPU.Build.0 = Debug|Any CPU
		{196F2AA2-D506-4DE0-83AB-63A7C5FD15A5}.AppStore|ARM.ActiveCfg = Debug|Any CPU
		{196F2AA2-D506-4DE0-83AB-63A7C5FD15A5}.AppStore|ARM.Build.0 = Debug|Any CPU
		{196F2AA2-D506-4DE0-83AB-63A7C5FD15A5}.AppStore|ARM64.ActiveCfg = Debug|Any CPU
		{196F2AA2-D506-4DE0-83AB-63A7C5FD15A5}.AppStore|ARM64.Build.0 = Debug|Any CPU
		{196F2AA2-D506-4DE0-83AB-63A7C5FD15A5}.AppStore|iPhone.ActiveCfg = Debug|Any CPU
		{196F2AA2-D506-4DE0-83AB-63A7C5FD15A5}.AppStore|iPhone.Build.0 = Debug|Any CPU
		{196F2AA2-D506-4DE0-83AB-63A7C5FD15A5}.AppStore|iPhoneSimulator.ActiveCfg = Debug|Any CPU
		{196F2AA2-D506-4DE0-83AB-63A7C5FD15A5}.AppStore|iPhoneSimulator.Build.0 = Debug|Any CPU
		{196F2AA2-D506-4DE0-83AB-63A7C5FD15A5}.AppStore|x64.ActiveCfg = Debug|Any CPU
		{196F2AA2-D506-4DE0-83AB-63A7C5FD15A5}.AppStore|x64.Build.0 = Debug|Any CPU
		{196F2AA2-D506-4DE0-83AB-63A7C5FD15A5}.AppStore|x86.ActiveCfg = Debug|Any CPU
		{196F2AA2-D506-4DE0-83AB-63A7C5FD15A5}.AppStore|x86.Build.0 = Debug|Any CPU
		{196F2AA2-D506-4DE0-83AB-63A7C5FD15A5}.Debug|Any CPU.ActiveCfg = Debug|Any CPU
		{196F2AA2-D506-4DE0-83AB-63A7C5FD15A5}.Debug|Any CPU.Build.0 = Debug|Any CPU
		{196F2AA2-D506-4DE0-83AB-63A7C5FD15A5}.Debug|ARM.ActiveCfg = Debug|Any CPU
		{196F2AA2-D506-4DE0-83AB-63A7C5FD15A5}.Debug|ARM.Build.0 = Debug|Any CPU
		{196F2AA2-D506-4DE0-83AB-63A7C5FD15A5}.Debug|ARM64.ActiveCfg = Debug|Any CPU
		{196F2AA2-D506-4DE0-83AB-63A7C5FD15A5}.Debug|ARM64.Build.0 = Debug|Any CPU
		{196F2AA2-D506-4DE0-83AB-63A7C5FD15A5}.Debug|iPhone.ActiveCfg = Debug|Any CPU
		{196F2AA2-D506-4DE0-83AB-63A7C5FD15A5}.Debug|iPhone.Build.0 = Debug|Any CPU
		{196F2AA2-D506-4DE0-83AB-63A7C5FD15A5}.Debug|iPhoneSimulator.ActiveCfg = Debug|Any CPU
		{196F2AA2-D506-4DE0-83AB-63A7C5FD15A5}.Debug|iPhoneSimulator.Build.0 = Debug|Any CPU
		{196F2AA2-D506-4DE0-83AB-63A7C5FD15A5}.Debug|x64.ActiveCfg = Debug|Any CPU
		{196F2AA2-D506-4DE0-83AB-63A7C5FD15A5}.Debug|x64.Build.0 = Debug|Any CPU
		{196F2AA2-D506-4DE0-83AB-63A7C5FD15A5}.Debug|x86.ActiveCfg = Debug|Any CPU
		{196F2AA2-D506-4DE0-83AB-63A7C5FD15A5}.Debug|x86.Build.0 = Debug|Any CPU
		{196F2AA2-D506-4DE0-83AB-63A7C5FD15A5}.Release|Any CPU.ActiveCfg = Release|Any CPU
		{196F2AA2-D506-4DE0-83AB-63A7C5FD15A5}.Release|Any CPU.Build.0 = Release|Any CPU
		{196F2AA2-D506-4DE0-83AB-63A7C5FD15A5}.Release|ARM.ActiveCfg = Release|Any CPU
		{196F2AA2-D506-4DE0-83AB-63A7C5FD15A5}.Release|ARM.Build.0 = Release|Any CPU
		{196F2AA2-D506-4DE0-83AB-63A7C5FD15A5}.Release|ARM64.ActiveCfg = Release|Any CPU
		{196F2AA2-D506-4DE0-83AB-63A7C5FD15A5}.Release|ARM64.Build.0 = Release|Any CPU
		{196F2AA2-D506-4DE0-83AB-63A7C5FD15A5}.Release|iPhone.ActiveCfg = Release|Any CPU
		{196F2AA2-D506-4DE0-83AB-63A7C5FD15A5}.Release|iPhone.Build.0 = Release|Any CPU
		{196F2AA2-D506-4DE0-83AB-63A7C5FD15A5}.Release|iPhoneSimulator.ActiveCfg = Release|Any CPU
		{196F2AA2-D506-4DE0-83AB-63A7C5FD15A5}.Release|iPhoneSimulator.Build.0 = Release|Any CPU
		{196F2AA2-D506-4DE0-83AB-63A7C5FD15A5}.Release|x64.ActiveCfg = Release|Any CPU
		{196F2AA2-D506-4DE0-83AB-63A7C5FD15A5}.Release|x64.Build.0 = Release|Any CPU
		{196F2AA2-D506-4DE0-83AB-63A7C5FD15A5}.Release|x86.ActiveCfg = Release|Any CPU
		{196F2AA2-D506-4DE0-83AB-63A7C5FD15A5}.Release|x86.Build.0 = Release|Any CPU
		{AC6F16DB-ABB5-4B91-B409-81A8FC9FBB72}.Ad-Hoc|Any CPU.ActiveCfg = Debug|iPhoneSimulator
		{AC6F16DB-ABB5-4B91-B409-81A8FC9FBB72}.Ad-Hoc|Any CPU.Build.0 = Debug|iPhoneSimulator
		{AC6F16DB-ABB5-4B91-B409-81A8FC9FBB72}.Ad-Hoc|ARM.ActiveCfg = Debug|iPhoneSimulator
		{AC6F16DB-ABB5-4B91-B409-81A8FC9FBB72}.Ad-Hoc|ARM.Build.0 = Debug|iPhoneSimulator
		{AC6F16DB-ABB5-4B91-B409-81A8FC9FBB72}.Ad-Hoc|ARM64.ActiveCfg = Debug|iPhoneSimulator
		{AC6F16DB-ABB5-4B91-B409-81A8FC9FBB72}.Ad-Hoc|ARM64.Build.0 = Debug|iPhoneSimulator
		{AC6F16DB-ABB5-4B91-B409-81A8FC9FBB72}.Ad-Hoc|iPhone.ActiveCfg = Debug|iPhoneSimulator
		{AC6F16DB-ABB5-4B91-B409-81A8FC9FBB72}.Ad-Hoc|iPhone.Build.0 = Debug|iPhoneSimulator
		{AC6F16DB-ABB5-4B91-B409-81A8FC9FBB72}.Ad-Hoc|iPhoneSimulator.ActiveCfg = Debug|iPhoneSimulator
		{AC6F16DB-ABB5-4B91-B409-81A8FC9FBB72}.Ad-Hoc|iPhoneSimulator.Build.0 = Debug|iPhoneSimulator
		{AC6F16DB-ABB5-4B91-B409-81A8FC9FBB72}.Ad-Hoc|x64.ActiveCfg = Debug|iPhoneSimulator
		{AC6F16DB-ABB5-4B91-B409-81A8FC9FBB72}.Ad-Hoc|x64.Build.0 = Debug|iPhoneSimulator
		{AC6F16DB-ABB5-4B91-B409-81A8FC9FBB72}.Ad-Hoc|x86.ActiveCfg = Debug|iPhoneSimulator
		{AC6F16DB-ABB5-4B91-B409-81A8FC9FBB72}.Ad-Hoc|x86.Build.0 = Debug|iPhoneSimulator
		{AC6F16DB-ABB5-4B91-B409-81A8FC9FBB72}.AppStore|Any CPU.ActiveCfg = Debug|iPhoneSimulator
		{AC6F16DB-ABB5-4B91-B409-81A8FC9FBB72}.AppStore|Any CPU.Build.0 = Debug|iPhoneSimulator
		{AC6F16DB-ABB5-4B91-B409-81A8FC9FBB72}.AppStore|ARM.ActiveCfg = Debug|iPhoneSimulator
		{AC6F16DB-ABB5-4B91-B409-81A8FC9FBB72}.AppStore|ARM.Build.0 = Debug|iPhoneSimulator
		{AC6F16DB-ABB5-4B91-B409-81A8FC9FBB72}.AppStore|ARM64.ActiveCfg = Debug|iPhoneSimulator
		{AC6F16DB-ABB5-4B91-B409-81A8FC9FBB72}.AppStore|ARM64.Build.0 = Debug|iPhoneSimulator
		{AC6F16DB-ABB5-4B91-B409-81A8FC9FBB72}.AppStore|iPhone.ActiveCfg = Debug|iPhoneSimulator
		{AC6F16DB-ABB5-4B91-B409-81A8FC9FBB72}.AppStore|iPhone.Build.0 = Debug|iPhoneSimulator
		{AC6F16DB-ABB5-4B91-B409-81A8FC9FBB72}.AppStore|iPhoneSimulator.ActiveCfg = Debug|iPhoneSimulator
		{AC6F16DB-ABB5-4B91-B409-81A8FC9FBB72}.AppStore|iPhoneSimulator.Build.0 = Debug|iPhoneSimulator
		{AC6F16DB-ABB5-4B91-B409-81A8FC9FBB72}.AppStore|x64.ActiveCfg = Debug|iPhoneSimulator
		{AC6F16DB-ABB5-4B91-B409-81A8FC9FBB72}.AppStore|x64.Build.0 = Debug|iPhoneSimulator
		{AC6F16DB-ABB5-4B91-B409-81A8FC9FBB72}.AppStore|x86.ActiveCfg = Debug|iPhoneSimulator
		{AC6F16DB-ABB5-4B91-B409-81A8FC9FBB72}.AppStore|x86.Build.0 = Debug|iPhoneSimulator
		{AC6F16DB-ABB5-4B91-B409-81A8FC9FBB72}.Debug|Any CPU.ActiveCfg = Debug|iPhoneSimulator
		{AC6F16DB-ABB5-4B91-B409-81A8FC9FBB72}.Debug|ARM.ActiveCfg = Debug|iPhoneSimulator
		{AC6F16DB-ABB5-4B91-B409-81A8FC9FBB72}.Debug|ARM64.ActiveCfg = Debug|iPhoneSimulator
		{AC6F16DB-ABB5-4B91-B409-81A8FC9FBB72}.Debug|iPhone.ActiveCfg = Debug|iPhoneSimulator
		{AC6F16DB-ABB5-4B91-B409-81A8FC9FBB72}.Debug|iPhoneSimulator.ActiveCfg = Debug|iPhoneSimulator
		{AC6F16DB-ABB5-4B91-B409-81A8FC9FBB72}.Debug|iPhoneSimulator.Build.0 = Debug|iPhoneSimulator
		{AC6F16DB-ABB5-4B91-B409-81A8FC9FBB72}.Debug|x64.ActiveCfg = Debug|iPhoneSimulator
		{AC6F16DB-ABB5-4B91-B409-81A8FC9FBB72}.Debug|x86.ActiveCfg = Debug|iPhoneSimulator
		{AC6F16DB-ABB5-4B91-B409-81A8FC9FBB72}.Release|Any CPU.ActiveCfg = Release|iPhoneSimulator
		{AC6F16DB-ABB5-4B91-B409-81A8FC9FBB72}.Release|ARM.ActiveCfg = Release|iPhoneSimulator
		{AC6F16DB-ABB5-4B91-B409-81A8FC9FBB72}.Release|ARM64.ActiveCfg = Release|iPhoneSimulator
		{AC6F16DB-ABB5-4B91-B409-81A8FC9FBB72}.Release|iPhone.ActiveCfg = Release|iPhoneSimulator
		{AC6F16DB-ABB5-4B91-B409-81A8FC9FBB72}.Release|iPhoneSimulator.ActiveCfg = Release|iPhoneSimulator
		{AC6F16DB-ABB5-4B91-B409-81A8FC9FBB72}.Release|iPhoneSimulator.Build.0 = Release|iPhoneSimulator
		{AC6F16DB-ABB5-4B91-B409-81A8FC9FBB72}.Release|x64.ActiveCfg = Release|iPhoneSimulator
		{AC6F16DB-ABB5-4B91-B409-81A8FC9FBB72}.Release|x86.ActiveCfg = Release|iPhoneSimulator
		{B2FB0CE8-CE16-4077-8DE7-4D0F54355548}.Ad-Hoc|Any CPU.ActiveCfg = Debug|Any CPU
		{B2FB0CE8-CE16-4077-8DE7-4D0F54355548}.Ad-Hoc|Any CPU.Build.0 = Debug|Any CPU
		{B2FB0CE8-CE16-4077-8DE7-4D0F54355548}.Ad-Hoc|ARM.ActiveCfg = Debug|Any CPU
		{B2FB0CE8-CE16-4077-8DE7-4D0F54355548}.Ad-Hoc|ARM.Build.0 = Debug|Any CPU
		{B2FB0CE8-CE16-4077-8DE7-4D0F54355548}.Ad-Hoc|ARM64.ActiveCfg = Debug|Any CPU
		{B2FB0CE8-CE16-4077-8DE7-4D0F54355548}.Ad-Hoc|ARM64.Build.0 = Debug|Any CPU
		{B2FB0CE8-CE16-4077-8DE7-4D0F54355548}.Ad-Hoc|iPhone.ActiveCfg = Debug|Any CPU
		{B2FB0CE8-CE16-4077-8DE7-4D0F54355548}.Ad-Hoc|iPhone.Build.0 = Debug|Any CPU
		{B2FB0CE8-CE16-4077-8DE7-4D0F54355548}.Ad-Hoc|iPhoneSimulator.ActiveCfg = Debug|Any CPU
		{B2FB0CE8-CE16-4077-8DE7-4D0F54355548}.Ad-Hoc|iPhoneSimulator.Build.0 = Debug|Any CPU
		{B2FB0CE8-CE16-4077-8DE7-4D0F54355548}.Ad-Hoc|x64.ActiveCfg = Debug|Any CPU
		{B2FB0CE8-CE16-4077-8DE7-4D0F54355548}.Ad-Hoc|x64.Build.0 = Debug|Any CPU
		{B2FB0CE8-CE16-4077-8DE7-4D0F54355548}.Ad-Hoc|x86.ActiveCfg = Debug|Any CPU
		{B2FB0CE8-CE16-4077-8DE7-4D0F54355548}.Ad-Hoc|x86.Build.0 = Debug|Any CPU
		{B2FB0CE8-CE16-4077-8DE7-4D0F54355548}.AppStore|Any CPU.ActiveCfg = Debug|Any CPU
		{B2FB0CE8-CE16-4077-8DE7-4D0F54355548}.AppStore|Any CPU.Build.0 = Debug|Any CPU
		{B2FB0CE8-CE16-4077-8DE7-4D0F54355548}.AppStore|ARM.ActiveCfg = Debug|Any CPU
		{B2FB0CE8-CE16-4077-8DE7-4D0F54355548}.AppStore|ARM.Build.0 = Debug|Any CPU
		{B2FB0CE8-CE16-4077-8DE7-4D0F54355548}.AppStore|ARM64.ActiveCfg = Debug|Any CPU
		{B2FB0CE8-CE16-4077-8DE7-4D0F54355548}.AppStore|ARM64.Build.0 = Debug|Any CPU
		{B2FB0CE8-CE16-4077-8DE7-4D0F54355548}.AppStore|iPhone.ActiveCfg = Debug|Any CPU
		{B2FB0CE8-CE16-4077-8DE7-4D0F54355548}.AppStore|iPhone.Build.0 = Debug|Any CPU
		{B2FB0CE8-CE16-4077-8DE7-4D0F54355548}.AppStore|iPhoneSimulator.ActiveCfg = Debug|Any CPU
		{B2FB0CE8-CE16-4077-8DE7-4D0F54355548}.AppStore|iPhoneSimulator.Build.0 = Debug|Any CPU
		{B2FB0CE8-CE16-4077-8DE7-4D0F54355548}.AppStore|x64.ActiveCfg = Debug|Any CPU
		{B2FB0CE8-CE16-4077-8DE7-4D0F54355548}.AppStore|x64.Build.0 = Debug|Any CPU
		{B2FB0CE8-CE16-4077-8DE7-4D0F54355548}.AppStore|x86.ActiveCfg = Debug|Any CPU
		{B2FB0CE8-CE16-4077-8DE7-4D0F54355548}.AppStore|x86.Build.0 = Debug|Any CPU
		{B2FB0CE8-CE16-4077-8DE7-4D0F54355548}.Debug|Any CPU.ActiveCfg = Debug|Any CPU
		{B2FB0CE8-CE16-4077-8DE7-4D0F54355548}.Debug|Any CPU.Build.0 = Debug|Any CPU
		{B2FB0CE8-CE16-4077-8DE7-4D0F54355548}.Debug|ARM.ActiveCfg = Debug|Any CPU
		{B2FB0CE8-CE16-4077-8DE7-4D0F54355548}.Debug|ARM.Build.0 = Debug|Any CPU
		{B2FB0CE8-CE16-4077-8DE7-4D0F54355548}.Debug|ARM64.ActiveCfg = Debug|Any CPU
		{B2FB0CE8-CE16-4077-8DE7-4D0F54355548}.Debug|ARM64.Build.0 = Debug|Any CPU
		{B2FB0CE8-CE16-4077-8DE7-4D0F54355548}.Debug|iPhone.ActiveCfg = Debug|Any CPU
		{B2FB0CE8-CE16-4077-8DE7-4D0F54355548}.Debug|iPhone.Build.0 = Debug|Any CPU
		{B2FB0CE8-CE16-4077-8DE7-4D0F54355548}.Debug|iPhoneSimulator.ActiveCfg = Debug|Any CPU
		{B2FB0CE8-CE16-4077-8DE7-4D0F54355548}.Debug|iPhoneSimulator.Build.0 = Debug|Any CPU
		{B2FB0CE8-CE16-4077-8DE7-4D0F54355548}.Debug|x64.ActiveCfg = Debug|Any CPU
		{B2FB0CE8-CE16-4077-8DE7-4D0F54355548}.Debug|x64.Build.0 = Debug|Any CPU
		{B2FB0CE8-CE16-4077-8DE7-4D0F54355548}.Debug|x86.ActiveCfg = Debug|Any CPU
		{B2FB0CE8-CE16-4077-8DE7-4D0F54355548}.Debug|x86.Build.0 = Debug|Any CPU
		{B2FB0CE8-CE16-4077-8DE7-4D0F54355548}.Release|Any CPU.ActiveCfg = Release|Any CPU
		{B2FB0CE8-CE16-4077-8DE7-4D0F54355548}.Release|Any CPU.Build.0 = Release|Any CPU
		{B2FB0CE8-CE16-4077-8DE7-4D0F54355548}.Release|ARM.ActiveCfg = Release|Any CPU
		{B2FB0CE8-CE16-4077-8DE7-4D0F54355548}.Release|ARM.Build.0 = Release|Any CPU
		{B2FB0CE8-CE16-4077-8DE7-4D0F54355548}.Release|ARM64.ActiveCfg = Release|Any CPU
		{B2FB0CE8-CE16-4077-8DE7-4D0F54355548}.Release|ARM64.Build.0 = Release|Any CPU
		{B2FB0CE8-CE16-4077-8DE7-4D0F54355548}.Release|iPhone.ActiveCfg = Release|Any CPU
		{B2FB0CE8-CE16-4077-8DE7-4D0F54355548}.Release|iPhone.Build.0 = Release|Any CPU
		{B2FB0CE8-CE16-4077-8DE7-4D0F54355548}.Release|iPhoneSimulator.ActiveCfg = Release|Any CPU
		{B2FB0CE8-CE16-4077-8DE7-4D0F54355548}.Release|iPhoneSimulator.Build.0 = Release|Any CPU
		{B2FB0CE8-CE16-4077-8DE7-4D0F54355548}.Release|x64.ActiveCfg = Release|Any CPU
		{B2FB0CE8-CE16-4077-8DE7-4D0F54355548}.Release|x64.Build.0 = Release|Any CPU
		{B2FB0CE8-CE16-4077-8DE7-4D0F54355548}.Release|x86.ActiveCfg = Release|Any CPU
		{B2FB0CE8-CE16-4077-8DE7-4D0F54355548}.Release|x86.Build.0 = Release|Any CPU
		{E22C92C0-4A13-4510-82CC-B56D54F1C2E1}.Ad-Hoc|Any CPU.ActiveCfg = Debug|Any CPU
		{E22C92C0-4A13-4510-82CC-B56D54F1C2E1}.Ad-Hoc|Any CPU.Build.0 = Debug|Any CPU
		{E22C92C0-4A13-4510-82CC-B56D54F1C2E1}.Ad-Hoc|ARM.ActiveCfg = Debug|Any CPU
		{E22C92C0-4A13-4510-82CC-B56D54F1C2E1}.Ad-Hoc|ARM.Build.0 = Debug|Any CPU
		{E22C92C0-4A13-4510-82CC-B56D54F1C2E1}.Ad-Hoc|ARM64.ActiveCfg = Debug|Any CPU
		{E22C92C0-4A13-4510-82CC-B56D54F1C2E1}.Ad-Hoc|ARM64.Build.0 = Debug|Any CPU
		{E22C92C0-4A13-4510-82CC-B56D54F1C2E1}.Ad-Hoc|iPhone.ActiveCfg = Debug|Any CPU
		{E22C92C0-4A13-4510-82CC-B56D54F1C2E1}.Ad-Hoc|iPhone.Build.0 = Debug|Any CPU
		{E22C92C0-4A13-4510-82CC-B56D54F1C2E1}.Ad-Hoc|iPhoneSimulator.ActiveCfg = Debug|Any CPU
		{E22C92C0-4A13-4510-82CC-B56D54F1C2E1}.Ad-Hoc|iPhoneSimulator.Build.0 = Debug|Any CPU
		{E22C92C0-4A13-4510-82CC-B56D54F1C2E1}.Ad-Hoc|x64.ActiveCfg = Debug|Any CPU
		{E22C92C0-4A13-4510-82CC-B56D54F1C2E1}.Ad-Hoc|x64.Build.0 = Debug|Any CPU
		{E22C92C0-4A13-4510-82CC-B56D54F1C2E1}.Ad-Hoc|x86.ActiveCfg = Debug|Any CPU
		{E22C92C0-4A13-4510-82CC-B56D54F1C2E1}.Ad-Hoc|x86.Build.0 = Debug|Any CPU
		{E22C92C0-4A13-4510-82CC-B56D54F1C2E1}.AppStore|Any CPU.ActiveCfg = Debug|Any CPU
		{E22C92C0-4A13-4510-82CC-B56D54F1C2E1}.AppStore|Any CPU.Build.0 = Debug|Any CPU
		{E22C92C0-4A13-4510-82CC-B56D54F1C2E1}.AppStore|ARM.ActiveCfg = Debug|Any CPU
		{E22C92C0-4A13-4510-82CC-B56D54F1C2E1}.AppStore|ARM.Build.0 = Debug|Any CPU
		{E22C92C0-4A13-4510-82CC-B56D54F1C2E1}.AppStore|ARM64.ActiveCfg = Debug|Any CPU
		{E22C92C0-4A13-4510-82CC-B56D54F1C2E1}.AppStore|ARM64.Build.0 = Debug|Any CPU
		{E22C92C0-4A13-4510-82CC-B56D54F1C2E1}.AppStore|iPhone.ActiveCfg = Debug|Any CPU
		{E22C92C0-4A13-4510-82CC-B56D54F1C2E1}.AppStore|iPhone.Build.0 = Debug|Any CPU
		{E22C92C0-4A13-4510-82CC-B56D54F1C2E1}.AppStore|iPhoneSimulator.ActiveCfg = Debug|Any CPU
		{E22C92C0-4A13-4510-82CC-B56D54F1C2E1}.AppStore|iPhoneSimulator.Build.0 = Debug|Any CPU
		{E22C92C0-4A13-4510-82CC-B56D54F1C2E1}.AppStore|x64.ActiveCfg = Debug|Any CPU
		{E22C92C0-4A13-4510-82CC-B56D54F1C2E1}.AppStore|x64.Build.0 = Debug|Any CPU
		{E22C92C0-4A13-4510-82CC-B56D54F1C2E1}.AppStore|x86.ActiveCfg = Debug|Any CPU
		{E22C92C0-4A13-4510-82CC-B56D54F1C2E1}.AppStore|x86.Build.0 = Debug|Any CPU
		{E22C92C0-4A13-4510-82CC-B56D54F1C2E1}.Debug|Any CPU.ActiveCfg = Debug|Any CPU
		{E22C92C0-4A13-4510-82CC-B56D54F1C2E1}.Debug|Any CPU.Build.0 = Debug|Any CPU
		{E22C92C0-4A13-4510-82CC-B56D54F1C2E1}.Debug|ARM.ActiveCfg = Debug|Any CPU
		{E22C92C0-4A13-4510-82CC-B56D54F1C2E1}.Debug|ARM.Build.0 = Debug|Any CPU
		{E22C92C0-4A13-4510-82CC-B56D54F1C2E1}.Debug|ARM64.ActiveCfg = Debug|Any CPU
		{E22C92C0-4A13-4510-82CC-B56D54F1C2E1}.Debug|ARM64.Build.0 = Debug|Any CPU
		{E22C92C0-4A13-4510-82CC-B56D54F1C2E1}.Debug|iPhone.ActiveCfg = Debug|Any CPU
		{E22C92C0-4A13-4510-82CC-B56D54F1C2E1}.Debug|iPhone.Build.0 = Debug|Any CPU
		{E22C92C0-4A13-4510-82CC-B56D54F1C2E1}.Debug|iPhoneSimulator.ActiveCfg = Debug|Any CPU
		{E22C92C0-4A13-4510-82CC-B56D54F1C2E1}.Debug|iPhoneSimulator.Build.0 = Debug|Any CPU
		{E22C92C0-4A13-4510-82CC-B56D54F1C2E1}.Debug|x64.ActiveCfg = Debug|Any CPU
		{E22C92C0-4A13-4510-82CC-B56D54F1C2E1}.Debug|x64.Build.0 = Debug|Any CPU
		{E22C92C0-4A13-4510-82CC-B56D54F1C2E1}.Debug|x86.ActiveCfg = Debug|Any CPU
		{E22C92C0-4A13-4510-82CC-B56D54F1C2E1}.Debug|x86.Build.0 = Debug|Any CPU
		{E22C92C0-4A13-4510-82CC-B56D54F1C2E1}.Release|Any CPU.ActiveCfg = Release|Any CPU
		{E22C92C0-4A13-4510-82CC-B56D54F1C2E1}.Release|Any CPU.Build.0 = Release|Any CPU
		{E22C92C0-4A13-4510-82CC-B56D54F1C2E1}.Release|ARM.ActiveCfg = Release|Any CPU
		{E22C92C0-4A13-4510-82CC-B56D54F1C2E1}.Release|ARM.Build.0 = Release|Any CPU
		{E22C92C0-4A13-4510-82CC-B56D54F1C2E1}.Release|ARM64.ActiveCfg = Release|Any CPU
		{E22C92C0-4A13-4510-82CC-B56D54F1C2E1}.Release|ARM64.Build.0 = Release|Any CPU
		{E22C92C0-4A13-4510-82CC-B56D54F1C2E1}.Release|iPhone.ActiveCfg = Release|Any CPU
		{E22C92C0-4A13-4510-82CC-B56D54F1C2E1}.Release|iPhone.Build.0 = Release|Any CPU
		{E22C92C0-4A13-4510-82CC-B56D54F1C2E1}.Release|iPhoneSimulator.ActiveCfg = Release|Any CPU
		{E22C92C0-4A13-4510-82CC-B56D54F1C2E1}.Release|iPhoneSimulator.Build.0 = Release|Any CPU
		{E22C92C0-4A13-4510-82CC-B56D54F1C2E1}.Release|x64.ActiveCfg = Release|Any CPU
		{E22C92C0-4A13-4510-82CC-B56D54F1C2E1}.Release|x64.Build.0 = Release|Any CPU
		{E22C92C0-4A13-4510-82CC-B56D54F1C2E1}.Release|x86.ActiveCfg = Release|Any CPU
		{E22C92C0-4A13-4510-82CC-B56D54F1C2E1}.Release|x86.Build.0 = Release|Any CPU
		{16A33A13-418F-4F01-AE70-437AE4C424A7}.Ad-Hoc|Any CPU.ActiveCfg = Debug|Any CPU
		{16A33A13-418F-4F01-AE70-437AE4C424A7}.Ad-Hoc|Any CPU.Build.0 = Debug|Any CPU
		{16A33A13-418F-4F01-AE70-437AE4C424A7}.Ad-Hoc|ARM.ActiveCfg = Debug|Any CPU
		{16A33A13-418F-4F01-AE70-437AE4C424A7}.Ad-Hoc|ARM.Build.0 = Debug|Any CPU
		{16A33A13-418F-4F01-AE70-437AE4C424A7}.Ad-Hoc|ARM64.ActiveCfg = Debug|Any CPU
		{16A33A13-418F-4F01-AE70-437AE4C424A7}.Ad-Hoc|ARM64.Build.0 = Debug|Any CPU
		{16A33A13-418F-4F01-AE70-437AE4C424A7}.Ad-Hoc|iPhone.ActiveCfg = Debug|Any CPU
		{16A33A13-418F-4F01-AE70-437AE4C424A7}.Ad-Hoc|iPhone.Build.0 = Debug|Any CPU
		{16A33A13-418F-4F01-AE70-437AE4C424A7}.Ad-Hoc|iPhoneSimulator.ActiveCfg = Debug|Any CPU
		{16A33A13-418F-4F01-AE70-437AE4C424A7}.Ad-Hoc|iPhoneSimulator.Build.0 = Debug|Any CPU
		{16A33A13-418F-4F01-AE70-437AE4C424A7}.Ad-Hoc|x64.ActiveCfg = Debug|Any CPU
		{16A33A13-418F-4F01-AE70-437AE4C424A7}.Ad-Hoc|x64.Build.0 = Debug|Any CPU
		{16A33A13-418F-4F01-AE70-437AE4C424A7}.Ad-Hoc|x86.ActiveCfg = Debug|Any CPU
		{16A33A13-418F-4F01-AE70-437AE4C424A7}.Ad-Hoc|x86.Build.0 = Debug|Any CPU
		{16A33A13-418F-4F01-AE70-437AE4C424A7}.AppStore|Any CPU.ActiveCfg = Debug|Any CPU
		{16A33A13-418F-4F01-AE70-437AE4C424A7}.AppStore|Any CPU.Build.0 = Debug|Any CPU
		{16A33A13-418F-4F01-AE70-437AE4C424A7}.AppStore|ARM.ActiveCfg = Debug|Any CPU
		{16A33A13-418F-4F01-AE70-437AE4C424A7}.AppStore|ARM.Build.0 = Debug|Any CPU
		{16A33A13-418F-4F01-AE70-437AE4C424A7}.AppStore|ARM64.ActiveCfg = Debug|Any CPU
		{16A33A13-418F-4F01-AE70-437AE4C424A7}.AppStore|ARM64.Build.0 = Debug|Any CPU
		{16A33A13-418F-4F01-AE70-437AE4C424A7}.AppStore|iPhone.ActiveCfg = Debug|Any CPU
		{16A33A13-418F-4F01-AE70-437AE4C424A7}.AppStore|iPhone.Build.0 = Debug|Any CPU
		{16A33A13-418F-4F01-AE70-437AE4C424A7}.AppStore|iPhoneSimulator.ActiveCfg = Debug|Any CPU
		{16A33A13-418F-4F01-AE70-437AE4C424A7}.AppStore|iPhoneSimulator.Build.0 = Debug|Any CPU
		{16A33A13-418F-4F01-AE70-437AE4C424A7}.AppStore|x64.ActiveCfg = Debug|Any CPU
		{16A33A13-418F-4F01-AE70-437AE4C424A7}.AppStore|x64.Build.0 = Debug|Any CPU
		{16A33A13-418F-4F01-AE70-437AE4C424A7}.AppStore|x86.ActiveCfg = Debug|Any CPU
		{16A33A13-418F-4F01-AE70-437AE4C424A7}.AppStore|x86.Build.0 = Debug|Any CPU
		{16A33A13-418F-4F01-AE70-437AE4C424A7}.Debug|Any CPU.ActiveCfg = Debug|Any CPU
		{16A33A13-418F-4F01-AE70-437AE4C424A7}.Debug|Any CPU.Build.0 = Debug|Any CPU
		{16A33A13-418F-4F01-AE70-437AE4C424A7}.Debug|ARM.ActiveCfg = Debug|Any CPU
		{16A33A13-418F-4F01-AE70-437AE4C424A7}.Debug|ARM.Build.0 = Debug|Any CPU
		{16A33A13-418F-4F01-AE70-437AE4C424A7}.Debug|ARM64.ActiveCfg = Debug|Any CPU
		{16A33A13-418F-4F01-AE70-437AE4C424A7}.Debug|ARM64.Build.0 = Debug|Any CPU
		{16A33A13-418F-4F01-AE70-437AE4C424A7}.Debug|iPhone.ActiveCfg = Debug|Any CPU
		{16A33A13-418F-4F01-AE70-437AE4C424A7}.Debug|iPhone.Build.0 = Debug|Any CPU
		{16A33A13-418F-4F01-AE70-437AE4C424A7}.Debug|iPhoneSimulator.ActiveCfg = Debug|Any CPU
		{16A33A13-418F-4F01-AE70-437AE4C424A7}.Debug|iPhoneSimulator.Build.0 = Debug|Any CPU
		{16A33A13-418F-4F01-AE70-437AE4C424A7}.Debug|x64.ActiveCfg = Debug|Any CPU
		{16A33A13-418F-4F01-AE70-437AE4C424A7}.Debug|x64.Build.0 = Debug|Any CPU
		{16A33A13-418F-4F01-AE70-437AE4C424A7}.Debug|x86.ActiveCfg = Debug|Any CPU
		{16A33A13-418F-4F01-AE70-437AE4C424A7}.Debug|x86.Build.0 = Debug|Any CPU
		{16A33A13-418F-4F01-AE70-437AE4C424A7}.Release|Any CPU.ActiveCfg = Release|Any CPU
		{16A33A13-418F-4F01-AE70-437AE4C424A7}.Release|Any CPU.Build.0 = Release|Any CPU
		{16A33A13-418F-4F01-AE70-437AE4C424A7}.Release|ARM.ActiveCfg = Release|Any CPU
		{16A33A13-418F-4F01-AE70-437AE4C424A7}.Release|ARM.Build.0 = Release|Any CPU
		{16A33A13-418F-4F01-AE70-437AE4C424A7}.Release|ARM64.ActiveCfg = Release|Any CPU
		{16A33A13-418F-4F01-AE70-437AE4C424A7}.Release|ARM64.Build.0 = Release|Any CPU
		{16A33A13-418F-4F01-AE70-437AE4C424A7}.Release|iPhone.ActiveCfg = Release|Any CPU
		{16A33A13-418F-4F01-AE70-437AE4C424A7}.Release|iPhone.Build.0 = Release|Any CPU
		{16A33A13-418F-4F01-AE70-437AE4C424A7}.Release|iPhoneSimulator.ActiveCfg = Release|Any CPU
		{16A33A13-418F-4F01-AE70-437AE4C424A7}.Release|iPhoneSimulator.Build.0 = Release|Any CPU
		{16A33A13-418F-4F01-AE70-437AE4C424A7}.Release|x64.ActiveCfg = Release|Any CPU
		{16A33A13-418F-4F01-AE70-437AE4C424A7}.Release|x64.Build.0 = Release|Any CPU
		{16A33A13-418F-4F01-AE70-437AE4C424A7}.Release|x86.ActiveCfg = Release|Any CPU
		{16A33A13-418F-4F01-AE70-437AE4C424A7}.Release|x86.Build.0 = Release|Any CPU
		{5FE525C9-8E8F-4983-B613-15D88F8A130E}.Ad-Hoc|Any CPU.ActiveCfg = Debug|Any CPU
		{5FE525C9-8E8F-4983-B613-15D88F8A130E}.Ad-Hoc|Any CPU.Build.0 = Debug|Any CPU
		{5FE525C9-8E8F-4983-B613-15D88F8A130E}.Ad-Hoc|ARM.ActiveCfg = Debug|Any CPU
		{5FE525C9-8E8F-4983-B613-15D88F8A130E}.Ad-Hoc|ARM.Build.0 = Debug|Any CPU
		{5FE525C9-8E8F-4983-B613-15D88F8A130E}.Ad-Hoc|ARM64.ActiveCfg = Debug|Any CPU
		{5FE525C9-8E8F-4983-B613-15D88F8A130E}.Ad-Hoc|ARM64.Build.0 = Debug|Any CPU
		{5FE525C9-8E8F-4983-B613-15D88F8A130E}.Ad-Hoc|iPhone.ActiveCfg = Debug|Any CPU
		{5FE525C9-8E8F-4983-B613-15D88F8A130E}.Ad-Hoc|iPhone.Build.0 = Debug|Any CPU
		{5FE525C9-8E8F-4983-B613-15D88F8A130E}.Ad-Hoc|iPhoneSimulator.ActiveCfg = Debug|Any CPU
		{5FE525C9-8E8F-4983-B613-15D88F8A130E}.Ad-Hoc|iPhoneSimulator.Build.0 = Debug|Any CPU
		{5FE525C9-8E8F-4983-B613-15D88F8A130E}.Ad-Hoc|x64.ActiveCfg = Debug|Any CPU
		{5FE525C9-8E8F-4983-B613-15D88F8A130E}.Ad-Hoc|x64.Build.0 = Debug|Any CPU
		{5FE525C9-8E8F-4983-B613-15D88F8A130E}.Ad-Hoc|x86.ActiveCfg = Debug|Any CPU
		{5FE525C9-8E8F-4983-B613-15D88F8A130E}.Ad-Hoc|x86.Build.0 = Debug|Any CPU
		{5FE525C9-8E8F-4983-B613-15D88F8A130E}.AppStore|Any CPU.ActiveCfg = Debug|Any CPU
		{5FE525C9-8E8F-4983-B613-15D88F8A130E}.AppStore|Any CPU.Build.0 = Debug|Any CPU
		{5FE525C9-8E8F-4983-B613-15D88F8A130E}.AppStore|ARM.ActiveCfg = Debug|Any CPU
		{5FE525C9-8E8F-4983-B613-15D88F8A130E}.AppStore|ARM.Build.0 = Debug|Any CPU
		{5FE525C9-8E8F-4983-B613-15D88F8A130E}.AppStore|ARM64.ActiveCfg = Debug|Any CPU
		{5FE525C9-8E8F-4983-B613-15D88F8A130E}.AppStore|ARM64.Build.0 = Debug|Any CPU
		{5FE525C9-8E8F-4983-B613-15D88F8A130E}.AppStore|iPhone.ActiveCfg = Debug|Any CPU
		{5FE525C9-8E8F-4983-B613-15D88F8A130E}.AppStore|iPhone.Build.0 = Debug|Any CPU
		{5FE525C9-8E8F-4983-B613-15D88F8A130E}.AppStore|iPhoneSimulator.ActiveCfg = Debug|Any CPU
		{5FE525C9-8E8F-4983-B613-15D88F8A130E}.AppStore|iPhoneSimulator.Build.0 = Debug|Any CPU
		{5FE525C9-8E8F-4983-B613-15D88F8A130E}.AppStore|x64.ActiveCfg = Debug|Any CPU
		{5FE525C9-8E8F-4983-B613-15D88F8A130E}.AppStore|x64.Build.0 = Debug|Any CPU
		{5FE525C9-8E8F-4983-B613-15D88F8A130E}.AppStore|x86.ActiveCfg = Debug|Any CPU
		{5FE525C9-8E8F-4983-B613-15D88F8A130E}.AppStore|x86.Build.0 = Debug|Any CPU
		{5FE525C9-8E8F-4983-B613-15D88F8A130E}.Debug|Any CPU.ActiveCfg = Debug|Any CPU
		{5FE525C9-8E8F-4983-B613-15D88F8A130E}.Debug|Any CPU.Build.0 = Debug|Any CPU
		{5FE525C9-8E8F-4983-B613-15D88F8A130E}.Debug|ARM.ActiveCfg = Debug|Any CPU
		{5FE525C9-8E8F-4983-B613-15D88F8A130E}.Debug|ARM.Build.0 = Debug|Any CPU
		{5FE525C9-8E8F-4983-B613-15D88F8A130E}.Debug|ARM64.ActiveCfg = Debug|Any CPU
		{5FE525C9-8E8F-4983-B613-15D88F8A130E}.Debug|ARM64.Build.0 = Debug|Any CPU
		{5FE525C9-8E8F-4983-B613-15D88F8A130E}.Debug|iPhone.ActiveCfg = Debug|Any CPU
		{5FE525C9-8E8F-4983-B613-15D88F8A130E}.Debug|iPhone.Build.0 = Debug|Any CPU
		{5FE525C9-8E8F-4983-B613-15D88F8A130E}.Debug|iPhoneSimulator.ActiveCfg = Debug|Any CPU
		{5FE525C9-8E8F-4983-B613-15D88F8A130E}.Debug|iPhoneSimulator.Build.0 = Debug|Any CPU
		{5FE525C9-8E8F-4983-B613-15D88F8A130E}.Debug|x64.ActiveCfg = Debug|Any CPU
		{5FE525C9-8E8F-4983-B613-15D88F8A130E}.Debug|x64.Build.0 = Debug|Any CPU
		{5FE525C9-8E8F-4983-B613-15D88F8A130E}.Debug|x86.ActiveCfg = Debug|Any CPU
		{5FE525C9-8E8F-4983-B613-15D88F8A130E}.Debug|x86.Build.0 = Debug|Any CPU
		{5FE525C9-8E8F-4983-B613-15D88F8A130E}.Release|Any CPU.ActiveCfg = Release|Any CPU
		{5FE525C9-8E8F-4983-B613-15D88F8A130E}.Release|Any CPU.Build.0 = Release|Any CPU
		{5FE525C9-8E8F-4983-B613-15D88F8A130E}.Release|ARM.ActiveCfg = Release|Any CPU
		{5FE525C9-8E8F-4983-B613-15D88F8A130E}.Release|ARM.Build.0 = Release|Any CPU
		{5FE525C9-8E8F-4983-B613-15D88F8A130E}.Release|ARM64.ActiveCfg = Release|Any CPU
		{5FE525C9-8E8F-4983-B613-15D88F8A130E}.Release|ARM64.Build.0 = Release|Any CPU
		{5FE525C9-8E8F-4983-B613-15D88F8A130E}.Release|iPhone.ActiveCfg = Release|Any CPU
		{5FE525C9-8E8F-4983-B613-15D88F8A130E}.Release|iPhone.Build.0 = Release|Any CPU
		{5FE525C9-8E8F-4983-B613-15D88F8A130E}.Release|iPhoneSimulator.ActiveCfg = Release|Any CPU
		{5FE525C9-8E8F-4983-B613-15D88F8A130E}.Release|iPhoneSimulator.Build.0 = Release|Any CPU
		{5FE525C9-8E8F-4983-B613-15D88F8A130E}.Release|x64.ActiveCfg = Release|Any CPU
		{5FE525C9-8E8F-4983-B613-15D88F8A130E}.Release|x64.Build.0 = Release|Any CPU
		{5FE525C9-8E8F-4983-B613-15D88F8A130E}.Release|x86.ActiveCfg = Release|Any CPU
		{5FE525C9-8E8F-4983-B613-15D88F8A130E}.Release|x86.Build.0 = Release|Any CPU
		{B91B7090-74CF-4A2E-AE38-D781B14C9C08}.Ad-Hoc|Any CPU.ActiveCfg = Debug|Any CPU
		{B91B7090-74CF-4A2E-AE38-D781B14C9C08}.Ad-Hoc|Any CPU.Build.0 = Debug|Any CPU
		{B91B7090-74CF-4A2E-AE38-D781B14C9C08}.Ad-Hoc|ARM.ActiveCfg = Debug|Any CPU
		{B91B7090-74CF-4A2E-AE38-D781B14C9C08}.Ad-Hoc|ARM.Build.0 = Debug|Any CPU
		{B91B7090-74CF-4A2E-AE38-D781B14C9C08}.Ad-Hoc|ARM64.ActiveCfg = Debug|Any CPU
		{B91B7090-74CF-4A2E-AE38-D781B14C9C08}.Ad-Hoc|ARM64.Build.0 = Debug|Any CPU
		{B91B7090-74CF-4A2E-AE38-D781B14C9C08}.Ad-Hoc|iPhone.ActiveCfg = Debug|Any CPU
		{B91B7090-74CF-4A2E-AE38-D781B14C9C08}.Ad-Hoc|iPhone.Build.0 = Debug|Any CPU
		{B91B7090-74CF-4A2E-AE38-D781B14C9C08}.Ad-Hoc|iPhoneSimulator.ActiveCfg = Debug|Any CPU
		{B91B7090-74CF-4A2E-AE38-D781B14C9C08}.Ad-Hoc|iPhoneSimulator.Build.0 = Debug|Any CPU
		{B91B7090-74CF-4A2E-AE38-D781B14C9C08}.Ad-Hoc|x64.ActiveCfg = Debug|Any CPU
		{B91B7090-74CF-4A2E-AE38-D781B14C9C08}.Ad-Hoc|x64.Build.0 = Debug|Any CPU
		{B91B7090-74CF-4A2E-AE38-D781B14C9C08}.Ad-Hoc|x86.ActiveCfg = Debug|Any CPU
		{B91B7090-74CF-4A2E-AE38-D781B14C9C08}.Ad-Hoc|x86.Build.0 = Debug|Any CPU
		{B91B7090-74CF-4A2E-AE38-D781B14C9C08}.AppStore|Any CPU.ActiveCfg = Debug|Any CPU
		{B91B7090-74CF-4A2E-AE38-D781B14C9C08}.AppStore|Any CPU.Build.0 = Debug|Any CPU
		{B91B7090-74CF-4A2E-AE38-D781B14C9C08}.AppStore|ARM.ActiveCfg = Debug|Any CPU
		{B91B7090-74CF-4A2E-AE38-D781B14C9C08}.AppStore|ARM.Build.0 = Debug|Any CPU
		{B91B7090-74CF-4A2E-AE38-D781B14C9C08}.AppStore|ARM64.ActiveCfg = Debug|Any CPU
		{B91B7090-74CF-4A2E-AE38-D781B14C9C08}.AppStore|ARM64.Build.0 = Debug|Any CPU
		{B91B7090-74CF-4A2E-AE38-D781B14C9C08}.AppStore|iPhone.ActiveCfg = Debug|Any CPU
		{B91B7090-74CF-4A2E-AE38-D781B14C9C08}.AppStore|iPhone.Build.0 = Debug|Any CPU
		{B91B7090-74CF-4A2E-AE38-D781B14C9C08}.AppStore|iPhoneSimulator.ActiveCfg = Debug|Any CPU
		{B91B7090-74CF-4A2E-AE38-D781B14C9C08}.AppStore|iPhoneSimulator.Build.0 = Debug|Any CPU
		{B91B7090-74CF-4A2E-AE38-D781B14C9C08}.AppStore|x64.ActiveCfg = Debug|Any CPU
		{B91B7090-74CF-4A2E-AE38-D781B14C9C08}.AppStore|x64.Build.0 = Debug|Any CPU
		{B91B7090-74CF-4A2E-AE38-D781B14C9C08}.AppStore|x86.ActiveCfg = Debug|Any CPU
		{B91B7090-74CF-4A2E-AE38-D781B14C9C08}.AppStore|x86.Build.0 = Debug|Any CPU
		{B91B7090-74CF-4A2E-AE38-D781B14C9C08}.Debug|Any CPU.ActiveCfg = Debug|Any CPU
		{B91B7090-74CF-4A2E-AE38-D781B14C9C08}.Debug|Any CPU.Build.0 = Debug|Any CPU
		{B91B7090-74CF-4A2E-AE38-D781B14C9C08}.Debug|ARM.ActiveCfg = Debug|Any CPU
		{B91B7090-74CF-4A2E-AE38-D781B14C9C08}.Debug|ARM.Build.0 = Debug|Any CPU
		{B91B7090-74CF-4A2E-AE38-D781B14C9C08}.Debug|ARM64.ActiveCfg = Debug|Any CPU
		{B91B7090-74CF-4A2E-AE38-D781B14C9C08}.Debug|ARM64.Build.0 = Debug|Any CPU
		{B91B7090-74CF-4A2E-AE38-D781B14C9C08}.Debug|iPhone.ActiveCfg = Debug|Any CPU
		{B91B7090-74CF-4A2E-AE38-D781B14C9C08}.Debug|iPhone.Build.0 = Debug|Any CPU
		{B91B7090-74CF-4A2E-AE38-D781B14C9C08}.Debug|iPhoneSimulator.ActiveCfg = Debug|Any CPU
		{B91B7090-74CF-4A2E-AE38-D781B14C9C08}.Debug|iPhoneSimulator.Build.0 = Debug|Any CPU
		{B91B7090-74CF-4A2E-AE38-D781B14C9C08}.Debug|x64.ActiveCfg = Debug|Any CPU
		{B91B7090-74CF-4A2E-AE38-D781B14C9C08}.Debug|x64.Build.0 = Debug|Any CPU
		{B91B7090-74CF-4A2E-AE38-D781B14C9C08}.Debug|x86.ActiveCfg = Debug|Any CPU
		{B91B7090-74CF-4A2E-AE38-D781B14C9C08}.Debug|x86.Build.0 = Debug|Any CPU
		{B91B7090-74CF-4A2E-AE38-D781B14C9C08}.Release|Any CPU.ActiveCfg = Release|Any CPU
		{B91B7090-74CF-4A2E-AE38-D781B14C9C08}.Release|Any CPU.Build.0 = Release|Any CPU
		{B91B7090-74CF-4A2E-AE38-D781B14C9C08}.Release|ARM.ActiveCfg = Release|Any CPU
		{B91B7090-74CF-4A2E-AE38-D781B14C9C08}.Release|ARM.Build.0 = Release|Any CPU
		{B91B7090-74CF-4A2E-AE38-D781B14C9C08}.Release|ARM64.ActiveCfg = Release|Any CPU
		{B91B7090-74CF-4A2E-AE38-D781B14C9C08}.Release|ARM64.Build.0 = Release|Any CPU
		{B91B7090-74CF-4A2E-AE38-D781B14C9C08}.Release|iPhone.ActiveCfg = Release|Any CPU
		{B91B7090-74CF-4A2E-AE38-D781B14C9C08}.Release|iPhone.Build.0 = Release|Any CPU
		{B91B7090-74CF-4A2E-AE38-D781B14C9C08}.Release|iPhoneSimulator.ActiveCfg = Release|Any CPU
		{B91B7090-74CF-4A2E-AE38-D781B14C9C08}.Release|iPhoneSimulator.Build.0 = Release|Any CPU
		{B91B7090-74CF-4A2E-AE38-D781B14C9C08}.Release|x64.ActiveCfg = Release|Any CPU
		{B91B7090-74CF-4A2E-AE38-D781B14C9C08}.Release|x64.Build.0 = Release|Any CPU
		{B91B7090-74CF-4A2E-AE38-D781B14C9C08}.Release|x86.ActiveCfg = Release|Any CPU
		{B91B7090-74CF-4A2E-AE38-D781B14C9C08}.Release|x86.Build.0 = Release|Any CPU
	EndGlobalSection
	GlobalSection(SolutionProperties) = preSolution
		HideSolutionNode = FALSE
	EndGlobalSection
	GlobalSection(NestedProjects) = preSolution
		{52238EC7-9DA8-43CE-8A77-F05409C5ADB4} = {263FA044-6480-4D3B-8D1B-43099FD41BAD}
		{EF64AA40-0811-4B55-A35C-231AF4089397} = {263FA044-6480-4D3B-8D1B-43099FD41BAD}
		{E3CC1C88-A814-4B10-B380-E1C7F797F67B} = {263FA044-6480-4D3B-8D1B-43099FD41BAD}
		{196F2AA2-D506-4DE0-83AB-63A7C5FD15A5} = {263FA044-6480-4D3B-8D1B-43099FD41BAD}
		{AC6F16DB-ABB5-4B91-B409-81A8FC9FBB72} = {263FA044-6480-4D3B-8D1B-43099FD41BAD}
		{B2FB0CE8-CE16-4077-8DE7-4D0F54355548} = {263FA044-6480-4D3B-8D1B-43099FD41BAD}
		{E22C92C0-4A13-4510-82CC-B56D54F1C2E1} = {263FA044-6480-4D3B-8D1B-43099FD41BAD}
		{16A33A13-418F-4F01-AE70-437AE4C424A7} = {263FA044-6480-4D3B-8D1B-43099FD41BAD}
		{5FE525C9-8E8F-4983-B613-15D88F8A130E} = {263FA044-6480-4D3B-8D1B-43099FD41BAD}
	EndGlobalSection
	GlobalSection(ExtensibilityGlobals) = postSolution
		SolutionGuid = {11C9B509-FB05-4D68-9843-6B9E6971C8C8}
	EndGlobalSection
EndGlobal
